
Microsoft Visual Studio Solution File, Format Version 12.00
# Visual Studio Version 17
VisualStudioVersion = 17.3.32811.315
MinimumVisualStudioVersion = 10.0.40219.1
Project("{FAE04EC0-301F-11D3-BF4B-00C04F79EFBC}") = "FunOlympicBackEnd", "FunOlympicBackEnd\FunOlympicBackEnd.csproj", "{E2FA08D8-362C-492B-89E4-D7365486BFBF}"
EndProject
Global
	GlobalSection(SolutionConfigurationPlatforms) = preSolution
		Debug|Any CPU = Debug|Any CPU
		Release|Any CPU = Release|Any CPU
	EndGlobalSection
	GlobalSection(ProjectConfigurationPlatforms) = postSolution
		{E2FA08D8-362C-492B-89E4-D7365486BFBF}.Debug|Any CPU.ActiveCfg = Debug|Any CPU
		{E2FA08D8-362C-492B-89E4-D7365486BFBF}.Debug|Any CPU.Build.0 = Debug|Any CPU
		{E2FA08D8-362C-492B-89E4-D7365486BFBF}.Release|Any CPU.ActiveCfg = Release|Any CPU
		{E2FA08D8-362C-492B-89E4-D7365486BFBF}.Release|Any CPU.Build.0 = Release|Any CPU
	EndGlobalSection
	GlobalSection(SolutionProperties) = preSolution
		HideSolutionNode = FALSE
	EndGlobalSection
	GlobalSection(ExtensibilityGlobals) = postSolution
		SolutionGuid = {6A41FAC8-19C1-40D7-9CCF-E462F3EA865A}
	EndGlobalSection
EndGlobal
